
Microsoft Visual Studio Solution File, Format Version 12.00
# Visual Studio Version 17
VisualStudioVersion = 17.8.34525.116
MinimumVisualStudioVersion = 10.0.40219.1
Project("{FAE04EC0-301F-11D3-BF4B-00C04F79EFBC}") = "Interfaz", "Interfaz\Interfaz.csproj", "{EC471CAC-CB0B-4DF5-B8C7-8CC901782184}"
EndProject
Project("{FAE04EC0-301F-11D3-BF4B-00C04F79EFBC}") = "Sort_Busqueda_ArrayL", "Sort_Busqueda_ArrayL\Sort_Busqueda_ArrayL.csproj", "{EE8E8EF4-0EC5-4207-81C1-73AF9D8B2899}"
EndProject
Global
	GlobalSection(SolutionConfigurationPlatforms) = preSolution
		Debug|Any CPU = Debug|Any CPU
		Release|Any CPU = Release|Any CPU
	EndGlobalSection
	GlobalSection(ProjectConfigurationPlatforms) = postSolution
		{EC471CAC-CB0B-4DF5-B8C7-8CC901782184}.Debug|Any CPU.ActiveCfg = Debug|Any CPU
		{EC471CAC-CB0B-4DF5-B8C7-8CC901782184}.Debug|Any CPU.Build.0 = Debug|Any CPU
		{EC471CAC-CB0B-4DF5-B8C7-8CC901782184}.Release|Any CPU.ActiveCfg = Release|Any CPU
		{EC471CAC-CB0B-4DF5-B8C7-8CC901782184}.Release|Any CPU.Build.0 = Release|Any CPU
		{EE8E8EF4-0EC5-4207-81C1-73AF9D8B2899}.Debug|Any CPU.ActiveCfg = Debug|Any CPU
		{EE8E8EF4-0EC5-4207-81C1-73AF9D8B2899}.Debug|Any CPU.Build.0 = Debug|Any CPU
		{EE8E8EF4-0EC5-4207-81C1-73AF9D8B2899}.Release|Any CPU.ActiveCfg = Release|Any CPU
		{EE8E8EF4-0EC5-4207-81C1-73AF9D8B2899}.Release|Any CPU.Build.0 = Release|Any CPU
	EndGlobalSection
	GlobalSection(SolutionProperties) = preSolution
		HideSolutionNode = FALSE
	EndGlobalSection
	GlobalSection(ExtensibilityGlobals) = postSolution
		SolutionGuid = {6B0DC58F-D9E9-4F45-BE55-787A57D3EB5E}
	EndGlobalSection
EndGlobal
